// !$*UTF8*$!
{
	archiveVersion = 1;
	classes = {
	};
	objectVersion = 46;
	objects = {

/* Begin PBXBuildFile section */
		FF56F3FF1A9156FA009E41E9 /* AppDelegate.swift in Sources */ = {isa = PBXBuildFile; fileRef = FF56F3FE1A9156FA009E41E9 /* AppDelegate.swift */; };
		FF56F4011A9156FA009E41E9 /* ViewController.swift in Sources */ = {isa = PBXBuildFile; fileRef = FF56F4001A9156FA009E41E9 /* ViewController.swift */; };
		FF56F4041A9156FA009E41E9 /* Main.storyboard in Resources */ = {isa = PBXBuildFile; fileRef = FF56F4021A9156FA009E41E9 /* Main.storyboard */; };
		FF56F4061A9156FA009E41E9 /* Images.xcassets in Resources */ = {isa = PBXBuildFile; fileRef = FF56F4051A9156FA009E41E9 /* Images.xcassets */; };
		FF56F4091A9156FA009E41E9 /* LaunchScreen.xib in Resources */ = {isa = PBXBuildFile; fileRef = FF56F4071A9156FA009E41E9 /* LaunchScreen.xib */; };
		FF56F4151A9156FA009E41E9 /* MLTest2Tests.swift in Sources */ = {isa = PBXBuildFile; fileRef = FF56F4141A9156FA009E41E9 /* MLTest2Tests.swift */; };
/* End PBXBuildFile section */

/* Begin PBXContainerItemProxy section */
		FF56F40F1A9156FA009E41E9 /* PBXContainerItemProxy */ = {
			isa = PBXContainerItemProxy;
			containerPortal = FF56F3F11A9156FA009E41E9 /* Project object */;
			proxyType = 1;
			remoteGlobalIDString = FF56F3F81A9156FA009E41E9;
			remoteInfo = MLTest2;
		};
/* End PBXContainerItemProxy section */

/* Begin PBXFileReference section */
		FF56F3F91A9156FA009E41E9 /* MLTest2.app */ = {isa = PBXFileReference; explicitFileType = wrapper.application; includeInIndex = 0; path = MLTest2.app; sourceTree = BUILT_PRODUCTS_DIR; };
		FF56F3FD1A9156FA009E41E9 /* Info.plist */ = {isa = PBXFileReference; lastKnownFileType = text.plist.xml; path = Info.plist; sourceTree = "<group>"; };
		FF56F3FE1A9156FA009E41E9 /* AppDelegate.swift */ = {isa = PBXFileReference; lastKnownFileType = sourcecode.swift; path = AppDelegate.swift; sourceTree = "<group>"; };
		FF56F4001A9156FA009E41E9 /* ViewController.swift */ = {isa = PBXFileReference; lastKnownFileType = sourcecode.swift; path = ViewController.swift; sourceTree = "<group>"; };
		FF56F4031A9156FA009E41E9 /* Base */ = {isa = PBXFileReference; lastKnownFileType = file.storyboard; name = Base; path = Base.lproj/Main.storyboard; sourceTree = "<group>"; };
		FF56F4051A9156FA009E41E9 /* Images.xcassets */ = {isa = PBXFileReference; lastKnownFileType = folder.assetcatalog; path = Images.xcassets; sourceTree = "<group>"; };
		FF56F4081A9156FA009E41E9 /* Base */ = {isa = PBXFileReference; lastKnownFileType = file.xib; name = Base; path = Base.lproj/LaunchScreen.xib; sourceTree = "<group>"; };
		FF56F40E1A9156FA009E41E9 /* MLTest2Tests.xctest */ = {isa = PBXFileReference; explicitFileType = wrapper.cfbundle; includeInIndex = 0; path = MLTest2Tests.xctest; sourceTree = BUILT_PRODUCTS_DIR; };
		FF56F4131A9156FA009E41E9 /* Info.plist */ = {isa = PBXFileReference; lastKnownFileType = text.plist.xml; path = Info.plist; sourceTree = "<group>"; };
		FF56F4141A9156FA009E41E9 /* MLTest2Tests.swift */ = {isa = PBXFileReference; lastKnownFileType = sourcecode.swift; path = MLTest2Tests.swift; sourceTree = "<group>"; };
/* End PBXFileReference section */

/* Begin PBXFrameworksBuildPhase section */
		FF56F3F61A9156FA009E41E9 /* Frameworks */ = {
			isa = PBXFrameworksBuildPhase;
			buildActionMask = 2147483647;
			files = (
			);
			runOnlyForDeploymentPostprocessing = 0;
		};
		FF56F40B1A9156FA009E41E9 /* Frameworks */ = {
			isa = PBXFrameworksBuildPhase;
			buildActionMask = 2147483647;
			files = (
			);
			runOnlyForDeploymentPostprocessing = 0;
		};
/* End PBXFrameworksBuildPhase section */

/* Begin PBXGroup section */
		FF56F3F01A9156FA009E41E9 = {
			isa = PBXGroup;
			children = (
				FF56F3FB1A9156FA009E41E9 /* MLTest2 */,
				FF56F4111A9156FA009E41E9 /* MLTest2Tests */,
				FF56F3FA1A9156FA009E41E9 /* Products */,
			);
			sourceTree = "<group>";
		};
		FF56F3FA1A9156FA009E41E9 /* Products */ = {
			isa = PBXGroup;
			children = (
				FF56F3F91A9156FA009E41E9 /* MLTest2.app */,
				FF56F40E1A9156FA009E41E9 /* MLTest2Tests.xctest */,
			);
			name = Products;
			sourceTree = "<group>";
		};
		FF56F3FB1A9156FA009E41E9 /* MLTest2 */ = {
			isa = PBXGroup;
			children = (
				FF56F3FE1A9156FA009E41E9 /* AppDelegate.swift */,
				FF56F4001A9156FA009E41E9 /* ViewController.swift */,
				FF56F4021A9156FA009E41E9 /* Main.storyboard */,
				FF56F4051A9156FA009E41E9 /* Images.xcassets */,
				FF56F4071A9156FA009E41E9 /* LaunchScreen.xib */,
				FF56F3FC1A9156FA009E41E9 /* Supporting Files */,
			);
			path = MLTest2;
			sourceTree = "<group>";
		};
		FF56F3FC1A9156FA009E41E9 /* Supporting Files */ = {
			isa = PBXGroup;
			children = (
				FF56F3FD1A9156FA009E41E9 /* Info.plist */,
			);
			name = "Supporting Files";
			sourceTree = "<group>";
		};
		FF56F4111A9156FA009E41E9 /* MLTest2Tests */ = {
			isa = PBXGroup;
			children = (
				FF56F4141A9156FA009E41E9 /* MLTest2Tests.swift */,
				FF56F4121A9156FA009E41E9 /* Supporting Files */,
			);
			path = MLTest2Tests;
			sourceTree = "<group>";
		};
		FF56F4121A9156FA009E41E9 /* Supporting Files */ = {
			isa = PBXGroup;
			children = (
				FF56F4131A9156FA009E41E9 /* Info.plist */,
			);
			name = "Supporting Files";
			sourceTree = "<group>";
		};
/* End PBXGroup section */

/* Begin PBXNativeTarget section */
		FF56F3F81A9156FA009E41E9 /* MLTest2 */ = {
			isa = PBXNativeTarget;
			buildConfigurationList = FF56F4181A9156FA009E41E9 /* Build configuration list for PBXNativeTarget "MLTest2" */;
			buildPhases = (
				FF56F3F51A9156FA009E41E9 /* Sources */,
				FF56F3F61A9156FA009E41E9 /* Frameworks */,
				FF56F3F71A9156FA009E41E9 /* Resources */,
			);
			buildRules = (
			);
			dependencies = (
			);
			name = MLTest2;
			productName = MLTest2;
			productReference = FF56F3F91A9156FA009E41E9 /* MLTest2.app */;
			productType = "com.apple.product-type.application";
		};
		FF56F40D1A9156FA009E41E9 /* MLTest2Tests */ = {
			isa = PBXNativeTarget;
			buildConfigurationList = FF56F41B1A9156FA009E41E9 /* Build configuration list for PBXNativeTarget "MLTest2Tests" */;
			buildPhases = (
				FF56F40A1A9156FA009E41E9 /* Sources */,
				FF56F40B1A9156FA009E41E9 /* Frameworks */,
				FF56F40C1A9156FA009E41E9 /* Resources */,
			);
			buildRules = (
			);
			dependencies = (
				FF56F4101A9156FA009E41E9 /* PBXTargetDependency */,
			);
			name = MLTest2Tests;
			productName = MLTest2Tests;
			productReference = FF56F40E1A9156FA009E41E9 /* MLTest2Tests.xctest */;
			productType = "com.apple.product-type.bundle.unit-test";
		};
/* End PBXNativeTarget section */

/* Begin PBXProject section */
		FF56F3F11A9156FA009E41E9 /* Project object */ = {
			isa = PBXProject;
			attributes = {
				LastUpgradeCheck = 0610;
				ORGANIZATIONNAME = Harlan.Howe;
				TargetAttributes = {
					FF56F3F81A9156FA009E41E9 = {
						CreatedOnToolsVersion = 6.1.1;
					};
					FF56F40D1A9156FA009E41E9 = {
						CreatedOnToolsVersion = 6.1.1;
						TestTargetID = FF56F3F81A9156FA009E41E9;
					};
				};
			};
			buildConfigurationList = FF56F3F41A9156FA009E41E9 /* Build configuration list for PBXProject "MLTest2" */;
			compatibilityVersion = "Xcode 3.2";
			developmentRegion = English;
			hasScannedForEncodings = 0;
			knownRegions = (
				en,
				Base,
			);
			mainGroup = FF56F3F01A9156FA009E41E9;
			productRefGroup = FF56F3FA1A9156FA009E41E9 /* Products */;
			projectDirPath = "";
			projectRoot = "";
			targets = (
				FF56F3F81A9156FA009E41E9 /* MLTest2 */,
				FF56F40D1A9156FA009E41E9 /* MLTest2Tests */,
			);
		};
/* End PBXProject section */

/* Begin PBXResourcesBuildPhase section */
		FF56F3F71A9156FA009E41E9 /* Resources */ = {
			isa = PBXResourcesBuildPhase;
			buildActionMask = 2147483647;
			files = (
				FF56F4041A9156FA009E41E9 /* Main.storyboard in Resources */,
				FF56F4091A9156FA009E41E9 /* LaunchScreen.xib in Resources */,
				FF56F4061A9156FA009E41E9 /* Images.xcassets in Resources */,
			);
			runOnlyForDeploymentPostprocessing = 0;
		};
		FF56F40C1A9156FA009E41E9 /* Resources */ = {
			isa = PBXResourcesBuildPhase;
			buildActionMask = 2147483647;
			files = (
			);
			runOnlyForDeploymentPostprocessing = 0;
		};
/* End PBXResourcesBuildPhase section */

/* Begin PBXSourcesBuildPhase section */
		FF56F3F51A9156FA009E41E9 /* Sources */ = {
			isa = PBXSourcesBuildPhase;
			buildActionMask = 2147483647;
			files = (
				FF56F4011A9156FA009E41E9 /* ViewController.swift in Sources */,
				FF56F3FF1A9156FA009E41E9 /* AppDelegate.swift in Sources */,
			);
			runOnlyForDeploymentPostprocessing = 0;
		};
		FF56F40A1A9156FA009E41E9 /* Sources */ = {
			isa = PBXSourcesBuildPhase;
			buildActionMask = 2147483647;
			files = (
				FF56F4151A9156FA009E41E9 /* MLTest2Tests.swift in Sources */,
			);
			runOnlyForDeploymentPostprocessing = 0;
		};
/* End PBXSourcesBuildPhase section */

/* Begin PBXTargetDependency section */
		FF56F4101A9156FA009E41E9 /* PBXTargetDependency */ = {
			isa = PBXTargetDependency;
			target = FF56F3F81A9156FA009E41E9 /* MLTest2 */;
			targetProxy = FF56F40F1A9156FA009E41E9 /* PBXContainerItemProxy */;
		};
/* End PBXTargetDependency section */

/* Begin PBXVariantGroup section */
		FF56F4021A9156FA009E41E9 /* Main.storyboard */ = {
			isa = PBXVariantGroup;
			children = (
				FF56F4031A9156FA009E41E9 /* Base */,
			);
			name = Main.storyboard;
			sourceTree = "<group>";
		};
		FF56F4071A9156FA009E41E9 /* LaunchScreen.xib */ = {
			isa = PBXVariantGroup;
			children = (
				FF56F4081A9156FA009E41E9 /* Base */,
			);
			name = LaunchScreen.xib;
			sourceTree = "<group>";
		};
/* End PBXVariantGroup section */

/* Begin XCBuildConfiguration section */
		FF56F4161A9156FA009E41E9 /* Debug */ = {
			isa = XCBuildConfiguration;
			buildSettings = {
				ALWAYS_SEARCH_USER_PATHS = NO;
				CLANG_CXX_LANGUAGE_STANDARD = "gnu++0x";
				CLANG_CXX_LIBRARY = "libc++";
				CLANG_ENABLE_MODULES = YES;
				CLANG_ENABLE_OBJC_ARC = YES;
				CLANG_WARN_BOOL_CONVERSION = YES;
				CLANG_WARN_CONSTANT_CONVERSION = YES;
				CLANG_WARN_DIRECT_OBJC_ISA_USAGE = YES_ERROR;
				CLANG_WARN_EMPTY_BODY = YES;
				CLANG_WARN_ENUM_CONVERSION = YES;
				CLANG_WARN_INT_CONVERSION = YES;
				CLANG_WARN_OBJC_ROOT_CLASS = YES_ERROR;
				CLANG_WARN_UNREACHABLE_CODE = YES;
				CLANG_WARN__DUPLICATE_METHOD_MATCH = YES;
				"CODE_SIGN_IDENTITY[sdk=iphoneos*]" = "iPhone Developer";
				COPY_PHASE_STRIP = NO;
				ENABLE_STRICT_OBJC_MSGSEND = YES;
				GCC_C_LANGUAGE_STANDARD = gnu99;
				GCC_DYNAMIC_NO_PIC = NO;
				GCC_OPTIMIZATION_LEVEL = 0;
				GCC_PREPROCESSOR_DEFINITIONS = (
					"DEBUG=1",
					"$(inherited)",
				);
				GCC_SYMBOLS_PRIVATE_EXTERN = NO;
				GCC_WARN_64_TO_32_BIT_CONVERSION = YES;
				GCC_WARN_ABOUT_RETURN_TYPE = YES_ERROR;
				GCC_WARN_UNDECLARED_SELECTOR = YES;
				GCC_WARN_UNINITIALIZED_AUTOS = YES_AGGRESSIVE;
				GCC_WARN_UNUSED_FUNCTION = YES;
				GCC_WARN_UNUSED_VARIABLE = YES;
				IPHONEOS_DEPLOYMENT_TARGET = 8.1;
				MTL_ENABLE_DEBUG_INFO = YES;
				ONLY_ACTIVE_ARCH = YES;
				SDKROOT = iphoneos;
				SWIFT_OPTIMIZATION_LEVEL = "-Onone";
				TARGETED_DEVICE_FAMILY = "1,2";
			};
			name = Debug;
		};
		FF56F4171A9156FA009E41E9 /* Release */ = {
			isa = XCBuildConfiguration;
			buildSettings = {
				ALWAYS_SEARCH_USER_PATHS = NO;
				CLANG_CXX_LANGUAGE_STANDARD = "gnu++0x";
				CLANG_CXX_LIBRARY = "libc++";
				CLANG_ENABLE_MODULES = YES;
				CLANG_ENABLE_OBJC_ARC = YES;
				CLANG_WARN_BOOL_CONVERSION = YES;
				CLANG_WARN_CONSTANT_CONVERSION = YES;
				CLANG_WARN_DIRECT_OBJC_ISA_USAGE = YES_ERROR;
				CLANG_WARN_EMPTY_BODY = YES;
				CLANG_WARN_ENUM_CONVERSION = YES;
				CLANG_WARN_INT_CONVERSION = YES;
				CLANG_WARN_OBJC_ROOT_CLASS = YES_ERROR;
				CLANG_WARN_UNREACHABLE_CODE = YES;
				CLANG_WARN__DUPLICATE_METHOD_MATCH = YES;
				"CODE_SIGN_IDENTITY[sdk=iphoneos*]" = "iPhone Developer";
				COPY_PHASE_STRIP = YES;
				ENABLE_NS_ASSERTIONS = NO;
				ENABLE_STRICT_OBJC_MSGSEND = YES;
				GCC_C_LANGUAGE_STANDARD = gnu99;
				GCC_WARN_64_TO_32_BIT_CONVERSION = YES;
				GCC_WARN_ABOUT_RETURN_TYPE = YES_ERROR;
				GCC_WARN_UNDECLARED_SELECTOR = YES;
				GCC_WARN_UNINITIALIZED_AUTOS = YES_AGGRESSIVE;
				GCC_WARN_UNUSED_FUNCTION = YES;
				GCC_WARN_UNUSED_VARIABLE = YES;
				IPHONEOS_DEPLOYMENT_TARGET = 8.1;
				MTL_ENABLE_DEBUG_INFO = NO;
				SDKROOT = iphoneos;
				TARGETED_DEVICE_FAMILY = "1,2";
				VALIDATE_PRODUCT = YES;
			};
			name = Release;
		};
		FF56F4191A9156FA009E41E9 /* Debug */ = {
			isa = XCBuildConfiguration;
			buildSettings = {
				ASSETCATALOG_COMPILER_APPICON_NAME = AppIcon;
				INFOPLIST_FILE = MLTest2/Info.plist;
				LD_RUNPATH_SEARCH_PATHS = "$(inherited) @executable_path/Frameworks";
				PRODUCT_NAME = "$(TARGET_NAME)";
			};
			name = Debug;
		};
		FF56F41A1A9156FA009E41E9 /* Release */ = {
			isa = XCBuildConfiguration;
			buildSettings = {
				ASSETCATALOG_COMPILER_APPICON_NAME = AppIcon;
				INFOPLIST_FILE = MLTest2/Info.plist;
				LD_RUNPATH_SEARCH_PATHS = "$(inherited) @executable_path/Frameworks";
				PRODUCT_NAME = "$(TARGET_NAME)";
			};
			name = Release;
		};
		FF56F41C1A9156FA009E41E9 /* Debug */ = {
			isa = XCBuildConfiguration;
			buildSettings = {
				BUNDLE_LOADER = "$(TEST_HOST)";
				FRAMEWORK_SEARCH_PATHS = (
					"$(SDKROOT)/Developer/Library/Frameworks",
					"$(inherited)",
				);
				GCC_PREPROCESSOR_DEFINITIONS = (
					"DEBUG=1",
					"$(inherited)",
				);
				INFOPLIST_FILE = MLTest2Tests/Info.plist;
				LD_RUNPATH_SEARCH_PATHS = "$(inherited) @executable_path/Frameworks @loader_path/Frameworks";
				PRODUCT_NAME = "$(TARGET_NAME)";
				TEST_HOST = "$(BUILT_PRODUCTS_DIR)/MLTest2.app/MLTest2";
			};
			name = Debug;
		};
		FF56F41D1A9156FA009E41E9 /* Release */ = {
			isa = XCBuildConfiguration;
			buildSettings = {
				BUNDLE_LOADER = "$(TEST_HOST)";
				FRAMEWORK_SEARCH_PATHS = (
					"$(SDKROOT)/Developer/Library/Frameworks",
					"$(inherited)",
				);
				INFOPLIST_FILE = MLTest2Tests/Info.plist;
				LD_RUNPATH_SEARCH_PATHS = "$(inherited) @executable_path/Frameworks @loader_path/Frameworks";
				PRODUCT_NAME = "$(TARGET_NAME)";
				TEST_HOST = "$(BUILT_PRODUCTS_DIR)/MLTest2.app/MLTest2";
			};
			name = Release;
		};
/* End XCBuildConfiguration section */

/* Begin XCConfigurationList section */
		FF56F3F41A9156FA009E41E9 /* Build configuration list for PBXProject "MLTest2" */ = {
			isa = XCConfigurationList;
			buildConfigurations = (
				FF56F4161A9156FA009E41E9 /* Debug */,
				FF56F4171A9156FA009E41E9 /* Release */,
			);
			defaultConfigurationIsVisible = 0;
			defaultConfigurationName = Release;
		};
		FF56F4181A9156FA009E41E9 /* Build configuration list for PBXNativeTarget "MLTest2" */ = {
			isa = XCConfigurationList;
			buildConfigurations = (
				FF56F4191A9156FA009E41E9 /* Debug */,
				FF56F41A1A9156FA009E41E9 /* Release */,
			);
			defaultConfigurationIsVisible = 0;
		};
		FF56F41B1A9156FA009E41E9 /* Build configuration list for PBXNativeTarget "MLTest2Tests" */ = {
			isa = XCConfigurationList;
			buildConfigurations = (
				FF56F41C1A9156FA009E41E9 /* Debug */,
				FF56F41D1A9156FA009E41E9 /* Release */,
			);
			defaultConfigurationIsVisible = 0;
		};
/* End XCConfigurationList section */
	};
	rootObject = FF56F3F11A9156FA009E41E9 /* Project object */;
}
